
Microsoft Visual Studio Solution File, Format Version 12.00
# Visual Studio Version 17
VisualStudioVersion = 17.4.33403.182
MinimumVisualStudioVersion = 10.0.40219.1
Project("{FAE04EC0-301F-11D3-BF4B-00C04F79EFBC}") = "Chess", "Chess\Chess.csproj", "{34400D6E-F30A-4828-8FCA-0DFAA382A0AF}"
EndProject
Global
	GlobalSection(SolutionConfigurationPlatforms) = preSolution
		Debug|Any CPU = Debug|Any CPU
		Release|Any CPU = Release|Any CPU
	EndGlobalSection
	GlobalSection(ProjectConfigurationPlatforms) = postSolution
		{34400D6E-F30A-4828-8FCA-0DFAA382A0AF}.Debug|Any CPU.ActiveCfg = Debug|Any CPU
		{34400D6E-F30A-4828-8FCA-0DFAA382A0AF}.Debug|Any CPU.Build.0 = Debug|Any CPU
		{34400D6E-F30A-4828-8FCA-0DFAA382A0AF}.Release|Any CPU.ActiveCfg = Release|Any CPU
		{34400D6E-F30A-4828-8FCA-0DFAA382A0AF}.Release|Any CPU.Build.0 = Release|Any CPU
	EndGlobalSection
	GlobalSection(SolutionProperties) = preSolution
		HideSolutionNode = FALSE
	EndGlobalSection
	GlobalSection(ExtensibilityGlobals) = postSolution
		SolutionGuid = {67A998C8-E269-4972-8E3E-FD919E1254CC}
	EndGlobalSection
EndGlobal
